
Microsoft Visual Studio Solution File, Format Version 12.00
# Visual Studio Version 16
VisualStudioVersion = 16.0.29411.108
MinimumVisualStudioVersion = 10.0.40219.1
Project("{9A19103F-16F7-4668-BE54-9A1E7A4F7556}") = "Xayah.FIControl.UI", "Xayah.FIControl.UI\Xayah.FIControl.UI.csproj", "{4FFA7B66-2AF7-4E52-8ECF-E9F7DF622DA9}"
EndProject
Project("{FAE04EC0-301F-11D3-BF4B-00C04F79EFBC}") = "Xayah.FIControl.Business", "Xayah.FIControl.Business\Xayah.FIControl.Business.csproj", "{DDAD9281-E64D-403F-A59E-BFAE4054F032}"
EndProject
Project("{FAE04EC0-301F-11D3-BF4B-00C04F79EFBC}") = "Xayah.FIControl.DataContext", "Xayah.FIControl.DataContext\Xayah.FIControl.DataContext.csproj", "{0E466F68-D155-4005-8568-76F1B2FA71FB}"
EndProject
Global
	GlobalSection(SolutionConfigurationPlatforms) = preSolution
		Debug|Any CPU = Debug|Any CPU
		Release|Any CPU = Release|Any CPU
	EndGlobalSection
	GlobalSection(ProjectConfigurationPlatforms) = postSolution
		{4FFA7B66-2AF7-4E52-8ECF-E9F7DF622DA9}.Debug|Any CPU.ActiveCfg = Debug|Any CPU
		{4FFA7B66-2AF7-4E52-8ECF-E9F7DF622DA9}.Debug|Any CPU.Build.0 = Debug|Any CPU
		{4FFA7B66-2AF7-4E52-8ECF-E9F7DF622DA9}.Release|Any CPU.ActiveCfg = Release|Any CPU
		{4FFA7B66-2AF7-4E52-8ECF-E9F7DF622DA9}.Release|Any CPU.Build.0 = Release|Any CPU
		{DDAD9281-E64D-403F-A59E-BFAE4054F032}.Debug|Any CPU.ActiveCfg = Debug|Any CPU
		{DDAD9281-E64D-403F-A59E-BFAE4054F032}.Debug|Any CPU.Build.0 = Debug|Any CPU
		{DDAD9281-E64D-403F-A59E-BFAE4054F032}.Release|Any CPU.ActiveCfg = Release|Any CPU
		{DDAD9281-E64D-403F-A59E-BFAE4054F032}.Release|Any CPU.Build.0 = Release|Any CPU
		{0E466F68-D155-4005-8568-76F1B2FA71FB}.Debug|Any CPU.ActiveCfg = Debug|Any CPU
		{0E466F68-D155-4005-8568-76F1B2FA71FB}.Debug|Any CPU.Build.0 = Debug|Any CPU
		{0E466F68-D155-4005-8568-76F1B2FA71FB}.Release|Any CPU.ActiveCfg = Release|Any CPU
		{0E466F68-D155-4005-8568-76F1B2FA71FB}.Release|Any CPU.Build.0 = Release|Any CPU
	EndGlobalSection
	GlobalSection(SolutionProperties) = preSolution
		HideSolutionNode = FALSE
	EndGlobalSection
	GlobalSection(ExtensibilityGlobals) = postSolution
		SolutionGuid = {61C71521-BC9A-46F9-9E0C-96003E61EFD0}
	EndGlobalSection
EndGlobal
